
Microsoft Visual Studio Solution File, Format Version 12.00
# Visual Studio Version 17
VisualStudioVersion = 17.11.35208.52
MinimumVisualStudioVersion = 10.0.40219.1
Project("{9A19103F-16F7-4668-BE54-9A1E7A4F7556}") = "Mohsen.PersianDateControls", "PersianDateControls\Mohsen.PersianDateControls.csproj", "{DE9FC8AC-6175-448B-9E04-E18B0FD06126}"
EndProject
Project("{9A19103F-16F7-4668-BE54-9A1E7A4F7556}") = "Mohsen.PersianDateControls.SampleProject", "SampleProject\Mohsen.PersianDateControls.SampleProject.csproj", "{103EF74E-33F0-4AD6-94F9-E05828214467}"
EndProject
Project("{2150E333-8FDC-42A3-9474-1A3956D46DE8}") = "Configuration", "Configuration", "{5812360F-87CF-4EF2-8DAC-0D6F3BDAA58B}"
	ProjectSection(SolutionItems) = preProject
		Directory.Build.props = Directory.Build.props
	EndProjectSection
EndProject
Global
	GlobalSection(SolutionConfigurationPlatforms) = preSolution
		Debug|Any CPU = Debug|Any CPU
		Release|Any CPU = Release|Any CPU
	EndGlobalSection
	GlobalSection(ProjectConfigurationPlatforms) = postSolution
		{DE9FC8AC-6175-448B-9E04-E18B0FD06126}.Debug|Any CPU.ActiveCfg = Debug|Any CPU
		{DE9FC8AC-6175-448B-9E04-E18B0FD06126}.Debug|Any CPU.Build.0 = Debug|Any CPU
		{DE9FC8AC-6175-448B-9E04-E18B0FD06126}.Release|Any CPU.ActiveCfg = Release|Any CPU
		{DE9FC8AC-6175-448B-9E04-E18B0FD06126}.Release|Any CPU.Build.0 = Release|Any CPU
		{103EF74E-33F0-4AD6-94F9-E05828214467}.Debug|Any CPU.ActiveCfg = Debug|Any CPU
		{103EF74E-33F0-4AD6-94F9-E05828214467}.Debug|Any CPU.Build.0 = Debug|Any CPU
		{103EF74E-33F0-4AD6-94F9-E05828214467}.Release|Any CPU.ActiveCfg = Release|Any CPU
		{103EF74E-33F0-4AD6-94F9-E05828214467}.Release|Any CPU.Build.0 = Release|Any CPU
	EndGlobalSection
	GlobalSection(SolutionProperties) = preSolution
		HideSolutionNode = FALSE
	EndGlobalSection
	GlobalSection(ExtensibilityGlobals) = postSolution
		SolutionGuid = {0C71244D-A5A9-4955-90C6-389EA8C09FE8}
	EndGlobalSection
	GlobalSection(TestCaseManagementSettings) = postSolution
		CategoryFile = PersianDateAndControls.vsmdi
	EndGlobalSection
EndGlobal
